
Microsoft Visual Studio Solution File, Format Version 12.00
# Visual Studio Version 16
VisualStudioVersion = 16.0.30717.126
MinimumVisualStudioVersion = 10.0.40219.1
Project("{FAE04EC0-301F-11D3-BF4B-00C04F79EFBC}") = "kutuphaneSistemi", "kutuphaneSistemi\kutuphaneSistemi.csproj", "{21E291EB-64C1-49A1-9C18-F722CC1C09DC}"
EndProject
Global
	GlobalSection(SolutionConfigurationPlatforms) = preSolution
		Debug|Any CPU = Debug|Any CPU
		Release|Any CPU = Release|Any CPU
	EndGlobalSection
	GlobalSection(ProjectConfigurationPlatforms) = postSolution
		{21E291EB-64C1-49A1-9C18-F722CC1C09DC}.Debug|Any CPU.ActiveCfg = Debug|Any CPU
		{21E291EB-64C1-49A1-9C18-F722CC1C09DC}.Debug|Any CPU.Build.0 = Debug|Any CPU
		{21E291EB-64C1-49A1-9C18-F722CC1C09DC}.Release|Any CPU.ActiveCfg = Release|Any CPU
		{21E291EB-64C1-49A1-9C18-F722CC1C09DC}.Release|Any CPU.Build.0 = Release|Any CPU
	EndGlobalSection
	GlobalSection(SolutionProperties) = preSolution
		HideSolutionNode = FALSE
	EndGlobalSection
	GlobalSection(ExtensibilityGlobals) = postSolution
		SolutionGuid = {6DE9C6F4-7460-4DAC-96F8-A05A92728692}
	EndGlobalSection
EndGlobal
